dependencies:
- name: helm-product
  repository: oci://ghcr.io/onecx/charts
  version: 0.4.0
- name: onecx-service-redirect
  repository: oci://ghcr.io/onecx/charts
  version: 1.3.0-rc.2
- name: onecx-service-auth-bff
  repository: oci://ghcr.io/onecx/charts
  version: 0.1.0-rc.1
- name: onecx-service-auth-ui
  repository: oci://ghcr.io/onecx/charts
  version: 0.0.0
digest: sha256:227a02b34566d25a682a4739e783bae3ef0f767359246f4a1d6c8e5ed19d6355
generated: "2026-03-16T02:40:23.252629206Z"
