dependencies:
- name: helm-product
  repository: oci://ghcr.io/onecx/charts
  version: 0.4.0
- name: onecx-service-redirect
  repository: oci://ghcr.io/onecx/charts
  version: 0.0.0-rc.7
- name: onecx-service-auth-bff
  repository: oci://ghcr.io/onecx/charts
  version: 0.0.0-rc.2
- name: onecx-service-auth-ui
  repository: oci://ghcr.io/onecx/charts
  version: 0.0.0-rc.17
digest: sha256:c742600e01eb0b40431f5dd86d95a014ce3df30d1b5d4d70602c733517144b13
generated: "2026-01-28T19:31:37.9377681Z"
